{
  "version": 4,
  "terraform_version": "1.4.6",
  "serial": 178,
  "lineage": "830e0a4e-52be-cd8a-5067-d5fa0adc2372",
  "outputs": {},
  "resources": [
    {
      "mode": "data",
      "type": "confluent_flink_region",
      "name": "genaidemoflink",
      "provider": "provider[\"registry.terraform.io/confluentinc/confluent\"]",
      "instances": [
        {
          "schema_version": 0,
          "attributes": {
            "api_version": "fcpm/v2",
            "cloud": "AWS",
            "id": "aws.us-east-1",
            "kind": "Region",
            "private_rest_endpoint": "https://flink.us-east-1.aws.private.confluent.cloud",
            "region": "us-east-1",
            "rest_endpoint": "https://flink.us-east-1.aws.confluent.cloud"
          },
          "sensitive_attributes": []
        }
      ]
    },
    {
      "mode": "data",
      "type": "confluent_organization",
      "name": "main",
      "provider": "provider[\"registry.terraform.io/confluentinc/confluent\"]",
      "instances": [
        {
          "schema_version": 0,
          "attributes": {
            "id": "82a52544-5c97-4f40-82b4-00c648cc8d97",
            "resource_name": "crn://confluent.cloud/organization=82a52544-5c97-4f40-82b4-00c648cc8d97"
          },
          "sensitive_attributes": []
        }
      ]
    },
    {
      "mode": "data",
      "type": "confluent_schema_registry_cluster",
      "name": "advanced",
      "provider": "provider[\"registry.terraform.io/confluentinc/confluent\"]",
      "instances": [
        {
          "schema_version": 0,
          "attributes": {
            "api_version": "srcm/v2",
            "display_name": "Always On Stream Governance Package",
            "environment": [
              {
                "id": "env-m2m3kw"
              }
            ],
            "id": "lsrc-7zj9pw",
            "kind": "Cluster",
            "package": "ADVANCED",
            "region": [
              {
                "id": "sgreg-22"
              }
            ],
            "resource_name": "crn://confluent.cloud/organization=82a52544-5c97-4f40-82b4-00c648cc8d97/environment=env-m2m3kw/schema-registry=lsrc-7zj9pw",
            "rest_endpoint": "https://psrc-6kq702.us-east-1.aws.confluent.cloud"
          },
          "sensitive_attributes": []
        }
      ]
    },
    {
      "mode": "managed",
      "type": "confluent_api_key",
      "name": "genaidemo-manager-flink-api-key",
      "provider": "provider[\"registry.terraform.io/confluentinc/confluent\"]",
      "instances": [
        {
          "schema_version": 0,
          "attributes": {
            "description": "Flink API Key that is owned by 'genaidemo-manager' service account",
            "disable_wait_for_ready": false,
            "display_name": "genaidemo-manager-flink-api-key",
            "id": "2UGPETS2XZ5QM6QA",
            "managed_resource": [
              {
                "api_version": "fcpm/v2",
                "environment": [
                  {
                    "id": "env-m2m3kw"
                  }
                ],
                "id": "aws.us-east-1",
                "kind": "Region"
              }
            ],
            "owner": [
              {
                "api_version": "iam/v2",
                "id": "sa-5x5mmz",
                "kind": "ServiceAccount"
              }
            ],
            "secret": "xEBV4lfqmay+NtwEfA4PRR1ojeaaxhB65t0ZnKE3e5TYPP9uZ3/nWuAucg/kTmoc"
          },
          "sensitive_attributes": [],
          "private": "bnVsbA==",
          "dependencies": [
            "confluent_environment.genaidemo",
            "confluent_kafka_cluster.dedicated",
            "confluent_role_binding.all-subjects-example-rb",
            "confluent_service_account.genaidemo-manager",
            "data.confluent_flink_region.genaidemoflink",
            "data.confluent_schema_registry_cluster.advanced"
          ]
        }
      ]
    },
    {
      "mode": "managed",
      "type": "confluent_api_key",
      "name": "genaidemo-manager-kafka-api-key",
      "provider": "provider[\"registry.terraform.io/confluentinc/confluent\"]",
      "instances": [
        {
          "schema_version": 0,
          "attributes": {
            "description": "Kafka API Key that is owned by 'genaidemo-manager' service account",
            "disable_wait_for_ready": false,
            "display_name": "genaidemo-manager-kafka-api-key",
            "id": "L7PACQ6J254GEOA3",
            "managed_resource": [
              {
                "api_version": "cmk/v2",
                "environment": [
                  {
                    "id": "env-m2m3kw"
                  }
                ],
                "id": "lkc-10qo9z",
                "kind": "Cluster"
              }
            ],
            "owner": [
              {
                "api_version": "iam/v2",
                "id": "sa-5x5mmz",
                "kind": "ServiceAccount"
              }
            ],
            "secret": "b04+DS0GcuS0petURY0kmJVSADHfxrums8eQBB+/vuXls4ws1eg1pidrgrJLSJRo"
          },
          "sensitive_attributes": [],
          "private": "bnVsbA==",
          "dependencies": [
            "confluent_environment.genaidemo",
            "confluent_kafka_cluster.dedicated",
            "confluent_role_binding.genaidemo-manager-kafka-cluster-admin",
            "confluent_service_account.genaidemo-manager"
          ]
        }
      ]
    },
    {
      "mode": "managed",
      "type": "confluent_api_key",
      "name": "genaidemo-manager-schema-registry-api-key",
      "provider": "provider[\"registry.terraform.io/confluentinc/confluent\"]",
      "instances": [
        {
          "schema_version": 0,
          "attributes": {
            "description": "Schema Registry API Key that is owned by 'infrastructure-manager' service account",
            "disable_wait_for_ready": false,
            "display_name": "genaidemo-manager-schema-registry-api-key",
            "id": "OWXBEHDH3ZJJ4MAK",
            "managed_resource": [
              {
                "api_version": "srcm/v2",
                "environment": [
                  {
                    "id": "env-m2m3kw"
                  }
                ],
                "id": "lsrc-7zj9pw",
                "kind": "Cluster"
              }
            ],
            "owner": [
              {
                "api_version": "iam/v2",
                "id": "sa-5x5mmz",
                "kind": "ServiceAccount"
              }
            ],
            "secret": "L048dF5kXFkzzKnnNg/hSpGG3CCTsTaxKj+1RE4J0GarPBY4JjGohGIJv317o/5g"
          },
          "sensitive_attributes": [],
          "private": "bnVsbA==",
          "dependencies": [
            "confluent_environment.genaidemo",
            "confluent_kafka_cluster.dedicated",
            "confluent_role_binding.all-subjects-example-rb",
            "confluent_role_binding.infrastructure-manager-environment-admin",
            "confluent_service_account.genaidemo-manager",
            "data.confluent_schema_registry_cluster.advanced"
          ]
        }
      ]
    },
    {
      "mode": "managed",
      "type": "confluent_environment",
      "name": "genaidemo",
      "provider": "provider[\"registry.terraform.io/confluentinc/confluent\"]",
      "instances": [
        {
          "schema_version": 0,
          "attributes": {
            "display_name": "GenAI_Demo",
            "id": "env-m2m3kw",
            "resource_name": "crn://confluent.cloud/organization=82a52544-5c97-4f40-82b4-00c648cc8d97/environment=env-m2m3kw",
            "stream_governance": [
              {
                "package": "ADVANCED"
              }
            ]
          },
          "sensitive_attributes": [],
          "private": "bnVsbA=="
        }
      ]
    },
    {
      "mode": "managed",
      "type": "confluent_flink_compute_pool",
      "name": "genaiflink",
      "provider": "provider[\"registry.terraform.io/confluentinc/confluent\"]",
      "instances": [
        {
          "schema_version": 0,
          "attributes": {
            "api_version": "fcpm/v2",
            "cloud": "AWS",
            "display_name": "genai-compute-pool",
            "environment": [
              {
                "id": "env-m2m3kw"
              }
            ],
            "id": "lfcp-932r5y",
            "kind": "ComputePool",
            "max_cfu": 5,
            "region": "us-east-1",
            "resource_name": "crn://confluent.cloud/organization=82a52544-5c97-4f40-82b4-00c648cc8d97/environment=env-m2m3kw/flink-region=aws.us-east-1/compute-pool=lfcp-932r5y",
            "timeouts": null
          },
          "sensitive_attributes": [],
          "private": "eyJlMmJmYjczMC1lY2FhLTExZTYtOGY4OC0zNDM2M2JjN2M0YzAiOnsiY3JlYXRlIjozNjAwMDAwMDAwMDAwLCJkZWxldGUiOjM2MDAwMDAwMDAwMDB9fQ==",
          "dependencies": [
            "confluent_api_key.genaidemo-manager-flink-api-key",
            "confluent_environment.genaidemo",
            "confluent_kafka_cluster.dedicated",
            "confluent_role_binding.all-subjects-example-rb",
            "confluent_role_binding.genaidemo-manager-assigner",
            "confluent_role_binding.genaidemo-manager-flink-developer",
            "confluent_role_binding.statements-runner-environment-admin",
            "confluent_service_account.genaidemo-manager",
            "confluent_service_account.statements-runner",
            "data.confluent_flink_region.genaidemoflink",
            "data.confluent_organization.main",
            "data.confluent_schema_registry_cluster.advanced"
          ]
        }
      ]
    },
    {
      "mode": "managed",
      "type": "confluent_flink_statement",
      "name": "create-careerguide-flink",
      "provider": "provider[\"registry.terraform.io/confluentinc/confluent\"]",
      "instances": [
        {
          "status": "tainted",
          "schema_version": 0,
          "attributes": {
            "compute_pool": [
              {
                "id": "lfcp-932r5y"
              }
            ],
            "credentials": [
              {
                "key": "2UGPETS2XZ5QM6QA",
                "secret": "xEBV4lfqmay+NtwEfA4PRR1ojeaaxhB65t0ZnKE3e5TYPP9uZ3/nWuAucg/kTmoc"
              }
            ],
            "environment": [
              {
                "id": "env-m2m3kw"
              }
            ],
            "id": "env-m2m3kw/lfcp-932r5y/tf-2024-07-28-211334-38a20095-0f93-465a-b6c9-09b080edb4c0",
            "organization": [
              {
                "id": "82a52544-5c97-4f40-82b4-00c648cc8d97"
              }
            ],
            "principal": [
              {
                "id": "sa-kmjgg6"
              }
            ],
            "properties": {
              "sql.current-catalog": "GenAI_Demo",
              "sql.current-database": "genaidemo_cluster",
              "sql.secrets.openaikey": "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"
            },
            "rest_endpoint": "https://flink.us-east-1.aws.confluent.cloud",
            "statement": "CREATE TABLE `careerguide` (\n  `title` STRING,\n  `paths` ARRAY \u003c ROW \u003c\n    `title` STRING,\n    `rec_courses` STRING\n    \u003e \u003e,\n  PRIMARY KEY (`title`) ENFORCED\n);",
            "statement_name": null,
            "stopped": null
          },
          "sensitive_attributes": [
            [
              {
                "type": "get_attr",
                "value": "credentials"
              },
              {
                "type": "index",
                "value": {
                  "value": 0,
                  "type": "number"
                }
              },
              {
                "type": "get_attr",
                "value": "secret"
              }
            ]
          ],
          "private": "bnVsbA==",
          "dependencies": [
            "confluent_api_key.genaidemo-manager-flink-api-key",
            "confluent_environment.genaidemo",
            "confluent_flink_compute_pool.genaiflink",
            "confluent_kafka_cluster.dedicated",
            "confluent_role_binding.all-subjects-example-rb",
            "confluent_role_binding.genaidemo-manager-assigner",
            "confluent_role_binding.genaidemo-manager-flink-developer",
            "confluent_role_binding.statements-runner-environment-admin",
            "confluent_service_account.genaidemo-manager",
            "confluent_service_account.statements-runner",
            "data.confluent_flink_region.genaidemoflink",
            "data.confluent_organization.main",
            "data.confluent_schema_registry_cluster.advanced"
          ]
        }
      ]
    },
    {
      "mode": "managed",
      "type": "confluent_flink_statement",
      "name": "create-doc-embedding",
      "provider": "provider[\"registry.terraform.io/confluentinc/confluent\"]",
      "instances": [
        {
          "schema_version": 0,
          "attributes": {
            "compute_pool": [
              {
                "id": "lfcp-932r5y"
              }
            ],
            "credentials": [
              {
                "key": "2UGPETS2XZ5QM6QA",
                "secret": "xEBV4lfqmay+NtwEfA4PRR1ojeaaxhB65t0ZnKE3e5TYPP9uZ3/nWuAucg/kTmoc"
              }
            ],
            "environment": [
              {
                "id": "env-m2m3kw"
              }
            ],
            "id": "env-m2m3kw/lfcp-932r5y/tf-2024-07-28-211338-8257bb89-3f5b-4ab3-bdd4-0c07512a89dd",
            "organization": [
              {
                "id": "82a52544-5c97-4f40-82b4-00c648cc8d97"
              }
            ],
            "principal": [
              {
                "id": "sa-kmjgg6"
              }
            ],
            "properties": {
              "sql.current-catalog": "GenAI_Demo",
              "sql.current-database": "genaidemo_cluster"
            },
            "rest_endpoint": "https://flink.us-east-1.aws.confluent.cloud",
            "statement": "create table docs_embeddings_v1(\nfilename STRING,\nloginname STRING,\npagenum INTEGER,\ntext STRING,\nembedding ARRAY\u003cDOUBLE NOT NULL\u003e);",
            "statement_name": "tf-2024-07-28-211338-8257bb89-3f5b-4ab3-bdd4-0c07512a89dd",
            "stopped": false
          },
          "sensitive_attributes": [
            [
              {
                "type": "get_attr",
                "value": "credentials"
              },
              {
                "type": "index",
                "value": {
                  "value": 0,
                  "type": "number"
                }
              },
              {
                "type": "get_attr",
                "value": "secret"
              }
            ]
          ],
          "private": "bnVsbA==",
          "dependencies": [
            "confluent_api_key.genaidemo-manager-flink-api-key",
            "confluent_environment.genaidemo",
            "confluent_flink_compute_pool.genaiflink",
            "confluent_kafka_cluster.dedicated",
            "confluent_role_binding.all-subjects-example-rb",
            "confluent_role_binding.genaidemo-manager-assigner",
            "confluent_role_binding.genaidemo-manager-flink-developer",
            "confluent_role_binding.statements-runner-environment-admin",
            "confluent_service_account.genaidemo-manager",
            "confluent_service_account.statements-runner",
            "data.confluent_flink_region.genaidemoflink",
            "data.confluent_organization.main",
            "data.confluent_schema_registry_cluster.advanced"
          ]
        }
      ]
    },
    {
      "mode": "managed",
      "type": "confluent_flink_statement",
      "name": "create-jobseeker-enriched",
      "provider": "provider[\"registry.terraform.io/confluentinc/confluent\"]",
      "instances": [
        {
          "schema_version": 0,
          "attributes": {
            "compute_pool": [
              {
                "id": "lfcp-932r5y"
              }
            ],
            "credentials": [
              {
                "key": "2UGPETS2XZ5QM6QA",
                "secret": "xEBV4lfqmay+NtwEfA4PRR1ojeaaxhB65t0ZnKE3e5TYPP9uZ3/nWuAucg/kTmoc"
              }
            ],
            "environment": [
              {
                "id": "env-m2m3kw"
              }
            ],
            "id": "env-m2m3kw/lfcp-932r5y/tf-2024-07-28-211334-63384ee1-8694-4d41-8f1d-b9d03415a3f5",
            "organization": [
              {
                "id": "82a52544-5c97-4f40-82b4-00c648cc8d97"
              }
            ],
            "principal": [
              {
                "id": "sa-kmjgg6"
              }
            ],
            "properties": {
              "sql.current-catalog": "GenAI_Demo",
              "sql.current-database": "genaidemo_cluster"
            },
            "rest_endpoint": "https://flink.us-east-1.aws.confluent.cloud",
            "statement": "create table JOBSEEKER_AI_ENRICHED_V1(\nprofile_id STRING,\ntechnical_skills STRING,\nlogin STRING,\nemail STRING,\nfirst_name STRING,\nlast_name STRING,\nlocation STRING,\ncompany STRING,\nprofile_summary STRING,\nln_profile_summary STRING,\nln_job_title STRING,\nln_endorsements ARRAY\u003cSTRING NOT NULL\u003e,\nln_recommendations ARRAY\u003cSTRING NOT NULL\u003e,\nrecommended_jobs STRING,\ntechnical_skills_embeddings_input STRING,\ntechnical_skills_embeddings ARRAY\u003cDOUBLE NOT NULL\u003e\n);",
            "statement_name": "tf-2024-07-28-211334-63384ee1-8694-4d41-8f1d-b9d03415a3f5",
            "stopped": false
          },
          "sensitive_attributes": [
            [
              {
                "type": "get_attr",
                "value": "credentials"
              },
              {
                "type": "index",
                "value": {
                  "value": 0,
                  "type": "number"
                }
              },
              {
                "type": "get_attr",
                "value": "secret"
              }
            ]
          ],
          "private": "bnVsbA==",
          "dependencies": [
            "confluent_api_key.genaidemo-manager-flink-api-key",
            "confluent_environment.genaidemo",
            "confluent_flink_compute_pool.genaiflink",
            "confluent_kafka_cluster.dedicated",
            "confluent_role_binding.all-subjects-example-rb",
            "confluent_role_binding.genaidemo-manager-assigner",
            "confluent_role_binding.genaidemo-manager-flink-developer",
            "confluent_role_binding.statements-runner-environment-admin",
            "confluent_service_account.genaidemo-manager",
            "confluent_service_account.statements-runner",
            "data.confluent_flink_region.genaidemoflink",
            "data.confluent_organization.main",
            "data.confluent_schema_registry_cluster.advanced"
          ]
        }
      ]
    },
    {
      "mode": "managed",
      "type": "confluent_flink_statement",
      "name": "create-jobseekerprofilev3",
      "provider": "provider[\"registry.terraform.io/confluentinc/confluent\"]",
      "instances": [
        {
          "schema_version": 0,
          "attributes": {
            "compute_pool": [
              {
                "id": "lfcp-932r5y"
              }
            ],
            "credentials": [
              {
                "key": "2UGPETS2XZ5QM6QA",
                "secret": "xEBV4lfqmay+NtwEfA4PRR1ojeaaxhB65t0ZnKE3e5TYPP9uZ3/nWuAucg/kTmoc"
              }
            ],
            "environment": [
              {
                "id": "env-m2m3kw"
              }
            ],
            "id": "env-m2m3kw/lfcp-932r5y/tf-2024-07-28-211338-7b199e43-cbc3-47db-853b-bf683be28538",
            "organization": [
              {
                "id": "82a52544-5c97-4f40-82b4-00c648cc8d97"
              }
            ],
            "principal": [
              {
                "id": "sa-kmjgg6"
              }
            ],
            "properties": {
              "sql.current-catalog": "GenAI_Demo",
              "sql.current-database": "genaidemo_cluster"
            },
            "rest_endpoint": "https://flink.us-east-1.aws.confluent.cloud",
            "statement": "create table jobseekerprofilev3(\nprofile_id STRING,\ntitle STRING,\npaths ARRAY\u003cROW\u003c`title` STRING, `rec_courses` STRING\u003e\u003e,\nemail STRING,\ntechnical_skills STRING,\nrecommended_jobs STRING,\nlogin STRING,\nfirst_name STRING,\nlast_name STRING,\nlocation STRING,\ncompany STRING,\nprofile_summary STRING,\nln_profile_summary STRING,\nln_job_title STRING,\nln_endorsements ARRAY\u003cSTRING NOT NULL\u003e,\nln_recommendations ARRAY\u003cSTRING NOT NULL\u003e,\ntechnical_skills_embeddings ARRAY\u003cDOUBLE NOT NULL\u003e,\nPRIMARY KEY (profile_id) NOT ENFORCED\n);",
            "statement_name": "tf-2024-07-28-211338-7b199e43-cbc3-47db-853b-bf683be28538",
            "stopped": false
          },
          "sensitive_attributes": [
            [
              {
                "type": "get_attr",
                "value": "credentials"
              },
              {
                "type": "index",
                "value": {
                  "value": 0,
                  "type": "number"
                }
              },
              {
                "type": "get_attr",
                "value": "secret"
              }
            ]
          ],
          "private": "bnVsbA==",
          "dependencies": [
            "confluent_api_key.genaidemo-manager-flink-api-key",
            "confluent_environment.genaidemo",
            "confluent_flink_compute_pool.genaiflink",
            "confluent_kafka_cluster.dedicated",
            "confluent_role_binding.all-subjects-example-rb",
            "confluent_role_binding.genaidemo-manager-assigner",
            "confluent_role_binding.genaidemo-manager-flink-developer",
            "confluent_role_binding.statements-runner-environment-admin",
            "confluent_service_account.genaidemo-manager",
            "confluent_service_account.statements-runner",
            "data.confluent_flink_region.genaidemoflink",
            "data.confluent_organization.main",
            "data.confluent_schema_registry_cluster.advanced"
          ]
        }
      ]
    },
    {
      "mode": "managed",
      "type": "confluent_flink_statement",
      "name": "insert-career-guide",
      "provider": "provider[\"registry.terraform.io/confluentinc/confluent\"]",
      "instances": [
        {
          "status": "tainted",
          "schema_version": 0,
          "attributes": {
            "compute_pool": [
              {
                "id": "lfcp-932r5y"
              }
            ],
            "credentials": [
              {
                "key": "2UGPETS2XZ5QM6QA",
                "secret": "xEBV4lfqmay+NtwEfA4PRR1ojeaaxhB65t0ZnKE3e5TYPP9uZ3/nWuAucg/kTmoc"
              }
            ],
            "environment": [
              {
                "id": "env-m2m3kw"
              }
            ],
            "id": "env-m2m3kw/lfcp-932r5y/tf-2024-07-28-211334-7bd49177-c848-46a2-9fbf-27e156aaf136",
            "organization": [
              {
                "id": "82a52544-5c97-4f40-82b4-00c648cc8d97"
              }
            ],
            "principal": [
              {
                "id": "sa-kmjgg6"
              }
            ],
            "properties": {
              "sql.current-catalog": "GenAI_Demo",
              "sql.current-database": "genaidemo_cluster",
              "sql.secrets.openaikey": "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"
            },
            "rest_endpoint": "https://flink.us-east-1.aws.confluent.cloud",
            "statement": "INSERT INTO `careerguide` VALUES\n(\n  'Solution Engineer',\n   ARRAY [\n    ROW(\n      'Solution Architect',\n      'https://www.pluralsight.com/courses/enterprise-architecture-fundamentals,https://www.coursera.org/learn/cloud-solutions-architecture,https://www.udemy.com/course/software-design-and-architecture/,https://www.edx.org/learn/architecting-modern-web-applications'\n      ),\n    ROW(\n      'Technical Sales Manager',\n      'https://www.linkedin.com/learning/sales-leadership,https://www.coursera.org/learn/strategic-sales-management,https://www.udemy.com/course/effective-team-management/,https://www.edx.org/learn/financial-management'\n      )\n    ]\n  );\n",
            "statement_name": null,
            "stopped": null
          },
          "sensitive_attributes": [
            [
              {
                "type": "get_attr",
                "value": "credentials"
              },
              {
                "type": "index",
                "value": {
                  "value": 0,
                  "type": "number"
                }
              },
              {
                "type": "get_attr",
                "value": "secret"
              }
            ]
          ],
          "private": "bnVsbA==",
          "dependencies": [
            "confluent_api_key.genaidemo-manager-flink-api-key",
            "confluent_environment.genaidemo",
            "confluent_flink_compute_pool.genaiflink",
            "confluent_kafka_cluster.dedicated",
            "confluent_role_binding.all-subjects-example-rb",
            "confluent_role_binding.genaidemo-manager-assigner",
            "confluent_role_binding.genaidemo-manager-flink-developer",
            "confluent_role_binding.statements-runner-environment-admin",
            "confluent_service_account.genaidemo-manager",
            "confluent_service_account.statements-runner",
            "data.confluent_flink_region.genaidemoflink",
            "data.confluent_organization.main",
            "data.confluent_schema_registry_cluster.advanced"
          ]
        }
      ]
    },
    {
      "mode": "managed",
      "type": "confluent_flink_statement",
      "name": "insert-doc-embeddings",
      "provider": "provider[\"registry.terraform.io/confluentinc/confluent\"]",
      "instances": [
        {
          "status": "tainted",
          "schema_version": 0,
          "attributes": {
            "compute_pool": [
              {
                "id": "lfcp-932r5y"
              }
            ],
            "credentials": [
              {
                "key": "2UGPETS2XZ5QM6QA",
                "secret": "xEBV4lfqmay+NtwEfA4PRR1ojeaaxhB65t0ZnKE3e5TYPP9uZ3/nWuAucg/kTmoc"
              }
            ],
            "environment": [
              {
                "id": "env-m2m3kw"
              }
            ],
            "id": "env-m2m3kw/lfcp-932r5y/tf-2024-07-28-211334-aca02be0-0f15-4579-9d7b-076230d83347",
            "organization": [
              {
                "id": "82a52544-5c97-4f40-82b4-00c648cc8d97"
              }
            ],
            "principal": [
              {
                "id": "sa-kmjgg6"
              }
            ],
            "properties": {
              "sql.current-catalog": "GenAI_Demo",
              "sql.current-database": "genaidemo_cluster",
              "sql.secrets.openaikey": "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"
            },
            "rest_endpoint": "https://flink.us-east-1.aws.confluent.cloud",
            "statement": "insert into docs_embeddings_v1\n       select filename as `title`,\n        loginname,\n        pagenum,\n        content as `text`,\n        profile_skills_embeddings as `embedding`\n        from uploaddocs,LATERAL TABLE(ML_PREDICT('profile_skills_embeddings', content))\n        where content is not null;",
            "statement_name": null,
            "stopped": null
          },
          "sensitive_attributes": [
            [
              {
                "type": "get_attr",
                "value": "credentials"
              },
              {
                "type": "index",
                "value": {
                  "value": 0,
                  "type": "number"
                }
              },
              {
                "type": "get_attr",
                "value": "secret"
              }
            ]
          ],
          "private": "bnVsbA==",
          "dependencies": [
            "confluent_api_key.genaidemo-manager-flink-api-key",
            "confluent_environment.genaidemo",
            "confluent_flink_compute_pool.genaiflink",
            "confluent_kafka_cluster.dedicated",
            "confluent_role_binding.all-subjects-example-rb",
            "confluent_role_binding.genaidemo-manager-assigner",
            "confluent_role_binding.genaidemo-manager-flink-developer",
            "confluent_role_binding.statements-runner-environment-admin",
            "confluent_service_account.genaidemo-manager",
            "confluent_service_account.statements-runner",
            "data.confluent_flink_region.genaidemoflink",
            "data.confluent_organization.main",
            "data.confluent_schema_registry_cluster.advanced"
          ]
        }
      ]
    },
    {
      "mode": "managed",
      "type": "confluent_flink_statement",
      "name": "insert-jobseeker-enriched",
      "provider": "provider[\"registry.terraform.io/confluentinc/confluent\"]",
      "instances": [
        {
          "status": "tainted",
          "schema_version": 0,
          "attributes": {
            "compute_pool": [
              {
                "id": "lfcp-932r5y"
              }
            ],
            "credentials": [
              {
                "key": "2UGPETS2XZ5QM6QA",
                "secret": "xEBV4lfqmay+NtwEfA4PRR1ojeaaxhB65t0ZnKE3e5TYPP9uZ3/nWuAucg/kTmoc"
              }
            ],
            "environment": [
              {
                "id": "env-m2m3kw"
              }
            ],
            "id": "env-m2m3kw/lfcp-932r5y/tf-2024-07-28-211334-61627544-753e-4550-8808-a083e7e5627d",
            "organization": [
              {
                "id": "82a52544-5c97-4f40-82b4-00c648cc8d97"
              }
            ],
            "principal": [
              {
                "id": "sa-kmjgg6"
              }
            ],
            "properties": {
              "sql.current-catalog": "GenAI_Demo",
              "sql.current-database": "genaidemo_cluster",
              "sql.secrets.openaikey": "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"
            },
            "rest_endpoint": "https://flink.us-east-1.aws.confluent.cloud",
            "statement": "INSERT INTO JOBSEEKER_AI_ENRICHED_V1\nSELECT\nprofile_id,\ntechnical_skills,\nlogin,\nemail,\nfirst_name,\nlast_name,\nlocation,\ncompany,\nprofile_summary,\nln_profile_summary,\nln_job_title,\nln_endorsements,\nln_recommendations,\nrecommended_jobs,\ntechnical_skills_embeddings_input,\nprofile_skills_embeddings as `technical_skills_embeddings` FROM jobseekerresv1,\nLATERAL TABLE(ML_PREDICT('profile_skills_embeddings', technical_skills_embeddings_input)) where technical_skills_embeddings_input is not null;",
            "statement_name": null,
            "stopped": null
          },
          "sensitive_attributes": [
            [
              {
                "type": "get_attr",
                "value": "credentials"
              },
              {
                "type": "index",
                "value": {
                  "value": 0,
                  "type": "number"
                }
              },
              {
                "type": "get_attr",
                "value": "secret"
              }
            ]
          ],
          "private": "bnVsbA==",
          "dependencies": [
            "confluent_api_key.genaidemo-manager-flink-api-key",
            "confluent_environment.genaidemo",
            "confluent_flink_compute_pool.genaiflink",
            "confluent_kafka_cluster.dedicated",
            "confluent_role_binding.all-subjects-example-rb",
            "confluent_role_binding.genaidemo-manager-assigner",
            "confluent_role_binding.genaidemo-manager-flink-developer",
            "confluent_role_binding.statements-runner-environment-admin",
            "confluent_service_account.genaidemo-manager",
            "confluent_service_account.statements-runner",
            "data.confluent_flink_region.genaidemoflink",
            "data.confluent_organization.main",
            "data.confluent_schema_registry_cluster.advanced"
          ]
        }
      ]
    },
    {
      "mode": "managed",
      "type": "confluent_flink_statement",
      "name": "insert-jobseekerprofilev3",
      "provider": "provider[\"registry.terraform.io/confluentinc/confluent\"]",
      "instances": [
        {
          "status": "tainted",
          "schema_version": 0,
          "attributes": {
            "compute_pool": [
              {
                "id": "lfcp-932r5y"
              }
            ],
            "credentials": [
              {
                "key": "2UGPETS2XZ5QM6QA",
                "secret": "xEBV4lfqmay+NtwEfA4PRR1ojeaaxhB65t0ZnKE3e5TYPP9uZ3/nWuAucg/kTmoc"
              }
            ],
            "environment": [
              {
                "id": "env-m2m3kw"
              }
            ],
            "id": "env-m2m3kw/lfcp-932r5y/tf-2024-07-28-211338-40d1dcb5-7ac4-4441-bce1-f00081a6fdf1",
            "organization": [
              {
                "id": "82a52544-5c97-4f40-82b4-00c648cc8d97"
              }
            ],
            "principal": [
              {
                "id": "sa-kmjgg6"
              }
            ],
            "properties": {
              "sql.current-catalog": "GenAI_Demo",
              "sql.current-database": "genaidemo_cluster",
              "sql.secrets.openaikey": "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"
            },
            "rest_endpoint": "https://flink.us-east-1.aws.confluent.cloud",
            "statement": "INSERT INTO jobseekerprofilev3\nSELECT\nJOBSEEKER_AI_ENRICHED_V1.profile_id,\ncareerguide.title,\ncareerguide.paths,\nJOBSEEKER_AI_ENRICHED_V1.email,\nJOBSEEKER_AI_ENRICHED_V1.technical_skills,\nJOBSEEKER_AI_ENRICHED_V1.recommended_jobs,\nJOBSEEKER_AI_ENRICHED_V1.login,\nJOBSEEKER_AI_ENRICHED_V1.first_name,\nJOBSEEKER_AI_ENRICHED_V1.last_name,\nJOBSEEKER_AI_ENRICHED_V1.location,\nJOBSEEKER_AI_ENRICHED_V1.company,\nJOBSEEKER_AI_ENRICHED_V1.profile_summary,\nJOBSEEKER_AI_ENRICHED_V1.ln_profile_summary,\nJOBSEEKER_AI_ENRICHED_V1.ln_job_title,\nJOBSEEKER_AI_ENRICHED_V1.ln_endorsements,\nJOBSEEKER_AI_ENRICHED_V1.ln_recommendations,\nJOBSEEKER_AI_ENRICHED_V1.technical_skills_embeddings\nFROM JOBSEEKER_AI_ENRICHED_V1\nLEFT JOIN careerguide\nON JOBSEEKER_AI_ENRICHED_V1.ln_job_title = careerguide.title;",
            "statement_name": null,
            "stopped": null
          },
          "sensitive_attributes": [
            [
              {
                "type": "get_attr",
                "value": "credentials"
              },
              {
                "type": "index",
                "value": {
                  "value": 0,
                  "type": "number"
                }
              },
              {
                "type": "get_attr",
                "value": "secret"
              }
            ]
          ],
          "private": "bnVsbA==",
          "dependencies": [
            "confluent_api_key.genaidemo-manager-flink-api-key",
            "confluent_environment.genaidemo",
            "confluent_flink_compute_pool.genaiflink",
            "confluent_kafka_cluster.dedicated",
            "confluent_role_binding.all-subjects-example-rb",
            "confluent_role_binding.genaidemo-manager-assigner",
            "confluent_role_binding.genaidemo-manager-flink-developer",
            "confluent_role_binding.statements-runner-environment-admin",
            "confluent_service_account.genaidemo-manager",
            "confluent_service_account.statements-runner",
            "data.confluent_flink_region.genaidemoflink",
            "data.confluent_organization.main",
            "data.confluent_schema_registry_cluster.advanced"
          ]
        }
      ]
    },
    {
      "mode": "managed",
      "type": "confluent_flink_statement",
      "name": "model-profileembedding",
      "provider": "provider[\"registry.terraform.io/confluentinc/confluent\"]",
      "instances": [
        {
          "status": "tainted",
          "schema_version": 0,
          "attributes": {
            "compute_pool": [
              {
                "id": "lfcp-932r5y"
              }
            ],
            "credentials": [
              {
                "key": "2UGPETS2XZ5QM6QA",
                "secret": "xEBV4lfqmay+NtwEfA4PRR1ojeaaxhB65t0ZnKE3e5TYPP9uZ3/nWuAucg/kTmoc"
              }
            ],
            "environment": [
              {
                "id": "env-m2m3kw"
              }
            ],
            "id": "env-m2m3kw/lfcp-932r5y/tf-2024-07-28-211338-5dafebc1-8a86-4fc0-bfa8-58a6f2e9b737",
            "organization": [
              {
                "id": "82a52544-5c97-4f40-82b4-00c648cc8d97"
              }
            ],
            "principal": [
              {
                "id": "sa-kmjgg6"
              }
            ],
            "properties": {
              "sql.current-catalog": "GenAI_Demo",
              "sql.current-database": "genaidemo_cluster",
              "sql.secrets.openaikey": "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"
            },
            "rest_endpoint": "https://flink.us-east-1.aws.confluent.cloud",
            "statement": "CREATE MODEL `profile_skills_embeddings`\nINPUT (technical_skills_embeddings_input STRING)\nOUTPUT (profile_skills_embeddings ARRAY\u003cFLOAT\u003e)\nWITH(\n  'TASK' = 'embedding',\n  'PROVIDER' = 'OPENAI',\n  'OPENAI.ENDPOINT' = 'https://api.openai.com/v1/embeddings',\n  'OPENAI.API_KEY' = '{{sessionconfig/sql.secrets.openaikey}}'\n);",
            "statement_name": null,
            "stopped": null
          },
          "sensitive_attributes": [
            [
              {
                "type": "get_attr",
                "value": "credentials"
              },
              {
                "type": "index",
                "value": {
                  "value": 0,
                  "type": "number"
                }
              },
              {
                "type": "get_attr",
                "value": "secret"
              }
            ]
          ],
          "private": "bnVsbA==",
          "dependencies": [
            "confluent_api_key.genaidemo-manager-flink-api-key",
            "confluent_environment.genaidemo",
            "confluent_flink_compute_pool.genaiflink",
            "confluent_kafka_cluster.dedicated",
            "confluent_role_binding.all-subjects-example-rb",
            "confluent_role_binding.genaidemo-manager-assigner",
            "confluent_role_binding.genaidemo-manager-flink-developer",
            "confluent_role_binding.statements-runner-environment-admin",
            "confluent_service_account.genaidemo-manager",
            "confluent_service_account.statements-runner",
            "data.confluent_flink_region.genaidemoflink",
            "data.confluent_organization.main",
            "data.confluent_schema_registry_cluster.advanced"
          ]
        }
      ]
    },
    {
      "mode": "managed",
      "type": "confluent_kafka_cluster",
      "name": "dedicated",
      "provider": "provider[\"registry.terraform.io/confluentinc/confluent\"]",
      "instances": [
        {
          "schema_version": 1,
          "attributes": {
            "api_version": "cmk/v2",
            "availability": "SINGLE_ZONE",
            "basic": [],
            "bootstrap_endpoint": "SASL_SSL://pkc-w57pv5.us-east-1.aws.confluent.cloud:9092",
            "byok_key": [
              {
                "id": ""
              }
            ],
            "cloud": "AWS",
            "dedicated": [
              {
                "cku": 1,
                "encryption_key": "",
                "zones": [
                  "use1-az2"
                ]
              }
            ],
            "display_name": "genaidemo_cluster",
            "enterprise": [],
            "environment": [
              {
                "id": "env-m2m3kw"
              }
            ],
            "freight": [],
            "id": "lkc-10qo9z",
            "kind": "Cluster",
            "network": [
              {
                "id": ""
              }
            ],
            "rbac_crn": "crn://confluent.cloud/organization=82a52544-5c97-4f40-82b4-00c648cc8d97/environment=env-m2m3kw/cloud-cluster=lkc-10qo9z",
            "region": "us-east-1",
            "rest_endpoint": "https://pkc-w57pv5.us-east-1.aws.confluent.cloud:443",
            "standard": [],
            "timeouts": null
          },
          "sensitive_attributes": [],
          "private": "eyJlMmJmYjczMC1lY2FhLTExZTYtOGY4OC0zNDM2M2JjN2M0YzAiOnsiY3JlYXRlIjoyNTkyMDAwMDAwMDAwMDAsInVwZGF0ZSI6MjU5MjAwMDAwMDAwMDAwfSwic2NoZW1hX3ZlcnNpb24iOiIxIn0=",
          "dependencies": [
            "confluent_environment.genaidemo"
          ]
        }
      ]
    },
    {
      "mode": "managed",
      "type": "confluent_kafka_topic",
      "name": "jobpostreq",
      "provider": "provider[\"registry.terraform.io/confluentinc/confluent\"]",
      "instances": [
        {
          "schema_version": 2,
          "attributes": {
            "config": {},
            "credentials": [
              {
                "key": "L7PACQ6J254GEOA3",
                "secret": "b04+DS0GcuS0petURY0kmJVSADHfxrums8eQBB+/vuXls4ws1eg1pidrgrJLSJRo"
              }
            ],
            "id": "lkc-10qo9z/jobpostreq",
            "kafka_cluster": [
              {
                "id": "lkc-10qo9z"
              }
            ],
            "partitions_count": 1,
            "rest_endpoint": "https://pkc-w57pv5.us-east-1.aws.confluent.cloud:443",
            "topic_name": "jobpostreq"
          },
          "sensitive_attributes": [
            [
              {
                "type": "get_attr",
                "value": "credentials"
              },
              {
                "type": "index",
                "value": {
                  "value": 0,
                  "type": "number"
                }
              },
              {
                "type": "get_attr",
                "value": "secret"
              }
            ]
          ],
          "private": "eyJzY2hlbWFfdmVyc2lvbiI6IjIifQ==",
          "dependencies": [
            "confluent_api_key.genaidemo-manager-kafka-api-key",
            "confluent_environment.genaidemo",
            "confluent_kafka_cluster.dedicated",
            "confluent_role_binding.genaidemo-manager-kafka-cluster-admin",
            "confluent_service_account.genaidemo-manager"
          ]
        }
      ]
    },
    {
      "mode": "managed",
      "type": "confluent_kafka_topic",
      "name": "jobpostresv2",
      "provider": "provider[\"registry.terraform.io/confluentinc/confluent\"]",
      "instances": [
        {
          "schema_version": 2,
          "attributes": {
            "config": {},
            "credentials": [
              {
                "key": "L7PACQ6J254GEOA3",
                "secret": "b04+DS0GcuS0petURY0kmJVSADHfxrums8eQBB+/vuXls4ws1eg1pidrgrJLSJRo"
              }
            ],
            "id": "lkc-10qo9z/jobpostresv2",
            "kafka_cluster": [
              {
                "id": "lkc-10qo9z"
              }
            ],
            "partitions_count": 1,
            "rest_endpoint": "https://pkc-w57pv5.us-east-1.aws.confluent.cloud:443",
            "topic_name": "jobpostresv2"
          },
          "sensitive_attributes": [
            [
              {
                "type": "get_attr",
                "value": "credentials"
              },
              {
                "type": "index",
                "value": {
                  "value": 0,
                  "type": "number"
                }
              },
              {
                "type": "get_attr",
                "value": "secret"
              }
            ]
          ],
          "private": "eyJzY2hlbWFfdmVyc2lvbiI6IjIifQ==",
          "dependencies": [
            "confluent_api_key.genaidemo-manager-kafka-api-key",
            "confluent_environment.genaidemo",
            "confluent_kafka_cluster.dedicated",
            "confluent_role_binding.genaidemo-manager-kafka-cluster-admin",
            "confluent_service_account.genaidemo-manager"
          ]
        }
      ]
    },
    {
      "mode": "managed",
      "type": "confluent_kafka_topic",
      "name": "jobseekerresv1",
      "provider": "provider[\"registry.terraform.io/confluentinc/confluent\"]",
      "instances": [
        {
          "schema_version": 2,
          "attributes": {
            "config": {},
            "credentials": [
              {
                "key": "L7PACQ6J254GEOA3",
                "secret": "b04+DS0GcuS0petURY0kmJVSADHfxrums8eQBB+/vuXls4ws1eg1pidrgrJLSJRo"
              }
            ],
            "id": "lkc-10qo9z/jobseekerresv1",
            "kafka_cluster": [
              {
                "id": "lkc-10qo9z"
              }
            ],
            "partitions_count": 1,
            "rest_endpoint": "https://pkc-w57pv5.us-east-1.aws.confluent.cloud:443",
            "topic_name": "jobseekerresv1"
          },
          "sensitive_attributes": [
            [
              {
                "type": "get_attr",
                "value": "credentials"
              },
              {
                "type": "index",
                "value": {
                  "value": 0,
                  "type": "number"
                }
              },
              {
                "type": "get_attr",
                "value": "secret"
              }
            ]
          ],
          "private": "eyJzY2hlbWFfdmVyc2lvbiI6IjIifQ==",
          "dependencies": [
            "confluent_api_key.genaidemo-manager-kafka-api-key",
            "confluent_environment.genaidemo",
            "confluent_kafka_cluster.dedicated",
            "confluent_role_binding.genaidemo-manager-kafka-cluster-admin",
            "confluent_service_account.genaidemo-manager"
          ]
        }
      ]
    },
    {
      "mode": "managed",
      "type": "confluent_kafka_topic",
      "name": "jobseekerv1",
      "provider": "provider[\"registry.terraform.io/confluentinc/confluent\"]",
      "instances": [
        {
          "schema_version": 2,
          "attributes": {
            "config": {},
            "credentials": [
              {
                "key": "L7PACQ6J254GEOA3",
                "secret": "b04+DS0GcuS0petURY0kmJVSADHfxrums8eQBB+/vuXls4ws1eg1pidrgrJLSJRo"
              }
            ],
            "id": "lkc-10qo9z/jobseekerv1",
            "kafka_cluster": [
              {
                "id": "lkc-10qo9z"
              }
            ],
            "partitions_count": 1,
            "rest_endpoint": "https://pkc-w57pv5.us-east-1.aws.confluent.cloud:443",
            "topic_name": "jobseekerv1"
          },
          "sensitive_attributes": [
            [
              {
                "type": "get_attr",
                "value": "credentials"
              },
              {
                "type": "index",
                "value": {
                  "value": 0,
                  "type": "number"
                }
              },
              {
                "type": "get_attr",
                "value": "secret"
              }
            ]
          ],
          "private": "eyJzY2hlbWFfdmVyc2lvbiI6IjIifQ==",
          "dependencies": [
            "confluent_api_key.genaidemo-manager-kafka-api-key",
            "confluent_environment.genaidemo",
            "confluent_kafka_cluster.dedicated",
            "confluent_role_binding.genaidemo-manager-kafka-cluster-admin",
            "confluent_service_account.genaidemo-manager"
          ]
        }
      ]
    },
    {
      "mode": "managed",
      "type": "confluent_kafka_topic",
      "name": "uploaddocs",
      "provider": "provider[\"registry.terraform.io/confluentinc/confluent\"]",
      "instances": [
        {
          "schema_version": 2,
          "attributes": {
            "config": {},
            "credentials": [
              {
                "key": "L7PACQ6J254GEOA3",
                "secret": "b04+DS0GcuS0petURY0kmJVSADHfxrums8eQBB+/vuXls4ws1eg1pidrgrJLSJRo"
              }
            ],
            "id": "lkc-10qo9z/uploaddocs",
            "kafka_cluster": [
              {
                "id": "lkc-10qo9z"
              }
            ],
            "partitions_count": 1,
            "rest_endpoint": "https://pkc-w57pv5.us-east-1.aws.confluent.cloud:443",
            "topic_name": "uploaddocs"
          },
          "sensitive_attributes": [
            [
              {
                "type": "get_attr",
                "value": "credentials"
              },
              {
                "type": "index",
                "value": {
                  "value": 0,
                  "type": "number"
                }
              },
              {
                "type": "get_attr",
                "value": "secret"
              }
            ]
          ],
          "private": "eyJzY2hlbWFfdmVyc2lvbiI6IjIifQ==",
          "dependencies": [
            "confluent_api_key.genaidemo-manager-kafka-api-key",
            "confluent_environment.genaidemo",
            "confluent_kafka_cluster.dedicated",
            "confluent_role_binding.genaidemo-manager-kafka-cluster-admin",
            "confluent_service_account.genaidemo-manager"
          ]
        }
      ]
    },
    {
      "mode": "managed",
      "type": "confluent_role_binding",
      "name": "all-subjects-example-rb",
      "provider": "provider[\"registry.terraform.io/confluentinc/confluent\"]",
      "instances": [
        {
          "schema_version": 0,
          "attributes": {
            "crn_pattern": "crn://confluent.cloud/organization=82a52544-5c97-4f40-82b4-00c648cc8d97/environment=env-m2m3kw/schema-registry=lsrc-7zj9pw/subject=*",
            "id": "rb-1LD2Q1",
            "principal": "User:sa-5x5mmz",
            "role_name": "ResourceOwner"
          },
          "sensitive_attributes": [],
          "private": "bnVsbA==",
          "dependencies": [
            "confluent_environment.genaidemo",
            "confluent_kafka_cluster.dedicated",
            "confluent_service_account.genaidemo-manager",
            "data.confluent_schema_registry_cluster.advanced"
          ]
        }
      ]
    },
    {
      "mode": "managed",
      "type": "confluent_role_binding",
      "name": "genaidemo-manager-assigner",
      "provider": "provider[\"registry.terraform.io/confluentinc/confluent\"]",
      "instances": [
        {
          "schema_version": 0,
          "attributes": {
            "crn_pattern": "crn://confluent.cloud/organization=82a52544-5c97-4f40-82b4-00c648cc8d97/service-account=sa-kmjgg6",
            "id": "rb-Dzv8Xm",
            "principal": "User:sa-5x5mmz",
            "role_name": "Assigner"
          },
          "sensitive_attributes": [],
          "private": "bnVsbA==",
          "dependencies": [
            "confluent_service_account.genaidemo-manager",
            "confluent_service_account.statements-runner",
            "data.confluent_organization.main"
          ]
        }
      ]
    },
    {
      "mode": "managed",
      "type": "confluent_role_binding",
      "name": "genaidemo-manager-flink-developer",
      "provider": "provider[\"registry.terraform.io/confluentinc/confluent\"]",
      "instances": [
        {
          "schema_version": 0,
          "attributes": {
            "crn_pattern": "crn://confluent.cloud/organization=82a52544-5c97-4f40-82b4-00c648cc8d97/environment=env-m2m3kw",
            "id": "rb-o98BPP",
            "principal": "User:sa-5x5mmz",
            "role_name": "FlinkDeveloper"
          },
          "sensitive_attributes": [],
          "private": "bnVsbA==",
          "dependencies": [
            "confluent_environment.genaidemo",
            "confluent_service_account.genaidemo-manager"
          ]
        }
      ]
    },
    {
      "mode": "managed",
      "type": "confluent_role_binding",
      "name": "genaidemo-manager-kafka-cluster-admin",
      "provider": "provider[\"registry.terraform.io/confluentinc/confluent\"]",
      "instances": [
        {
          "schema_version": 0,
          "attributes": {
            "crn_pattern": "crn://confluent.cloud/organization=82a52544-5c97-4f40-82b4-00c648cc8d97/environment=env-m2m3kw/cloud-cluster=lkc-10qo9z",
            "id": "rb-G96wMq",
            "principal": "User:sa-5x5mmz",
            "role_name": "CloudClusterAdmin"
          },
          "sensitive_attributes": [],
          "private": "bnVsbA==",
          "dependencies": [
            "confluent_environment.genaidemo",
            "confluent_kafka_cluster.dedicated",
            "confluent_service_account.genaidemo-manager"
          ]
        }
      ]
    },
    {
      "mode": "managed",
      "type": "confluent_role_binding",
      "name": "infrastructure-manager-environment-admin",
      "provider": "provider[\"registry.terraform.io/confluentinc/confluent\"]",
      "instances": [
        {
          "schema_version": 0,
          "attributes": {
            "crn_pattern": "crn://confluent.cloud/organization=82a52544-5c97-4f40-82b4-00c648cc8d97/environment=env-m2m3kw",
            "id": "rb-wOQdPz",
            "principal": "User:sa-5x5mmz",
            "role_name": "EnvironmentAdmin"
          },
          "sensitive_attributes": [],
          "private": "bnVsbA==",
          "dependencies": [
            "confluent_environment.genaidemo",
            "confluent_service_account.genaidemo-manager"
          ]
        }
      ]
    },
    {
      "mode": "managed",
      "type": "confluent_role_binding",
      "name": "statements-runner-environment-admin",
      "provider": "provider[\"registry.terraform.io/confluentinc/confluent\"]",
      "instances": [
        {
          "schema_version": 0,
          "attributes": {
            "crn_pattern": "crn://confluent.cloud/organization=82a52544-5c97-4f40-82b4-00c648cc8d97/environment=env-m2m3kw",
            "id": "rb-1LD24Y",
            "principal": "User:sa-kmjgg6",
            "role_name": "EnvironmentAdmin"
          },
          "sensitive_attributes": [],
          "private": "bnVsbA==",
          "dependencies": [
            "confluent_environment.genaidemo",
            "confluent_service_account.statements-runner"
          ]
        }
      ]
    },
    {
      "mode": "managed",
      "type": "confluent_schema",
      "name": "jobpostreq",
      "provider": "provider[\"registry.terraform.io/confluentinc/confluent\"]",
      "instances": [
        {
          "schema_version": 0,
          "attributes": {
            "credentials": [
              {
                "key": "OWXBEHDH3ZJJ4MAK",
                "secret": "L048dF5kXFkzzKnnNg/hSpGG3CCTsTaxKj+1RE4J0GarPBY4JjGohGIJv317o/5g"
              }
            ],
            "format": "AVRO",
            "hard_delete": false,
            "id": "lsrc-7zj9pw/jobpostreq-value/latest",
            "metadata": null,
            "recreate_on_update": false,
            "rest_endpoint": "https://psrc-6kq702.us-east-1.aws.confluent.cloud",
            "ruleset": null,
            "schema": "{\"type\":\"record\",\"name\":\"record\",\"namespace\":\"org.apache.flink.avro.generated\",\"fields\":[{\"name\":\"jobreq\",\"type\":[\"null\",\"string\"],\"default\":null},{\"name\":\"loginname\",\"type\":[\"null\",\"string\"],\"default\":null},{\"name\":\"reqid\",\"type\":[\"null\",\"string\"],\"default\":null}]}",
            "schema_identifier": 100005,
            "schema_reference": [],
            "schema_registry_cluster": [
              {
                "id": "lsrc-7zj9pw"
              }
            ],
            "skip_validation_during_plan": false,
            "subject_name": "jobpostreq-value",
            "version": 1
          },
          "sensitive_attributes": [
            [
              {
                "type": "get_attr",
                "value": "credentials"
              },
              {
                "type": "index",
                "value": {
                  "value": 0,
                  "type": "number"
                }
              },
              {
                "type": "get_attr",
                "value": "secret"
              }
            ]
          ],
          "private": "bnVsbA==",
          "dependencies": [
            "confluent_api_key.genaidemo-manager-kafka-api-key",
            "confluent_api_key.genaidemo-manager-schema-registry-api-key",
            "confluent_environment.genaidemo",
            "confluent_kafka_cluster.dedicated",
            "confluent_kafka_topic.jobpostreq",
            "confluent_role_binding.all-subjects-example-rb",
            "confluent_role_binding.genaidemo-manager-kafka-cluster-admin",
            "confluent_role_binding.infrastructure-manager-environment-admin",
            "confluent_service_account.genaidemo-manager",
            "data.confluent_schema_registry_cluster.advanced"
          ]
        }
      ]
    },
    {
      "mode": "managed",
      "type": "confluent_schema",
      "name": "jobpostresv2",
      "provider": "provider[\"registry.terraform.io/confluentinc/confluent\"]",
      "instances": [
        {
          "schema_version": 0,
          "attributes": {
            "credentials": [
              {
                "key": "OWXBEHDH3ZJJ4MAK",
                "secret": "L048dF5kXFkzzKnnNg/hSpGG3CCTsTaxKj+1RE4J0GarPBY4JjGohGIJv317o/5g"
              }
            ],
            "format": "AVRO",
            "hard_delete": false,
            "id": "lsrc-7zj9pw/jobpostresv2-value/latest",
            "metadata": null,
            "recreate_on_update": false,
            "rest_endpoint": "https://psrc-6kq702.us-east-1.aws.confluent.cloud",
            "ruleset": null,
            "schema": "{\"type\":\"record\",\"name\":\"record\",\"namespace\":\"org.apache.jobpost.avro.generated\",\"fields\":[{\"name\":\"reqid\",\"type\":[\"null\",\"string\"],\"default\":null},{\"name\":\"login\",\"type\":[\"null\",\"string\"],\"default\":null},{\"name\":\"jobreq\",\"type\":[\"null\",\"string\"],\"default\":null},{\"name\":\"job_title\",\"type\":[\"null\",\"string\"],\"default\":null},{\"name\":\"job_description\",\"type\":[\"null\",\"string\"],\"default\":null},{\"name\":\"required_skills\",\"type\":[\"null\",\"string\"],\"default\":null},{\"name\":\"location\",\"type\":[\"null\",\"string\"],\"default\":null},{\"name\":\"preferred_skills\",\"type\":[\"null\",\"string\"],\"default\":null},{\"name\":\"jd_embeddings\",\"type\":[{\"type\":\"array\",\"items\":\"double\"},\"null\"],\"default\":null}]}",
            "schema_identifier": 100001,
            "schema_reference": [],
            "schema_registry_cluster": [
              {
                "id": "lsrc-7zj9pw"
              }
            ],
            "skip_validation_during_plan": false,
            "subject_name": "jobpostresv2-value",
            "version": 1
          },
          "sensitive_attributes": [
            [
              {
                "type": "get_attr",
                "value": "credentials"
              },
              {
                "type": "index",
                "value": {
                  "value": 0,
                  "type": "number"
                }
              },
              {
                "type": "get_attr",
                "value": "secret"
              }
            ]
          ],
          "private": "bnVsbA==",
          "dependencies": [
            "confluent_api_key.genaidemo-manager-kafka-api-key",
            "confluent_api_key.genaidemo-manager-schema-registry-api-key",
            "confluent_environment.genaidemo",
            "confluent_kafka_cluster.dedicated",
            "confluent_kafka_topic.jobpostresv2",
            "confluent_role_binding.all-subjects-example-rb",
            "confluent_role_binding.genaidemo-manager-kafka-cluster-admin",
            "confluent_role_binding.infrastructure-manager-environment-admin",
            "confluent_service_account.genaidemo-manager",
            "data.confluent_schema_registry_cluster.advanced"
          ]
        }
      ]
    },
    {
      "mode": "managed",
      "type": "confluent_schema",
      "name": "jobseekerresv1",
      "provider": "provider[\"registry.terraform.io/confluentinc/confluent\"]",
      "instances": [
        {
          "schema_version": 0,
          "attributes": {
            "credentials": [
              {
                "key": "OWXBEHDH3ZJJ4MAK",
                "secret": "L048dF5kXFkzzKnnNg/hSpGG3CCTsTaxKj+1RE4J0GarPBY4JjGohGIJv317o/5g"
              }
            ],
            "format": "AVRO",
            "hard_delete": false,
            "id": "lsrc-7zj9pw/jobseekerresv1-value/latest",
            "metadata": null,
            "recreate_on_update": false,
            "rest_endpoint": "https://psrc-6kq702.us-east-1.aws.confluent.cloud",
            "ruleset": null,
            "schema": "{\"type\":\"record\",\"name\":\"record\",\"namespace\":\"org.apache.flink.avro.generated\",\"fields\":[{\"name\":\"profile_id\",\"type\":[\"null\",\"string\"],\"default\":null},{\"name\":\"login\",\"type\":[\"null\",\"string\"],\"default\":null},{\"name\":\"first_name\",\"type\":[\"null\",\"string\"],\"default\":null},{\"name\":\"last_name\",\"type\":[\"null\",\"string\"],\"default\":null},{\"name\":\"email\",\"type\":[\"null\",\"string\"],\"default\":null},{\"name\":\"location\",\"type\":[\"null\",\"string\"],\"default\":null},{\"name\":\"company\",\"type\":[\"null\",\"string\"],\"default\":null},{\"name\":\"profile_summary\",\"type\":[\"null\",\"string\"],\"default\":null},{\"name\":\"ln_profile_summary\",\"type\":[\"null\",\"string\"],\"default\":null},{\"name\":\"ln_job_title\",\"type\":[\"null\",\"string\"],\"default\":null},{\"name\":\"ln_endorsements\",\"type\":[{\"type\":\"array\",\"items\":\"string\"},\"null\"],\"default\":null},{\"name\":\"ln_recommendations\",\"type\":[{\"type\":\"array\",\"items\":\"string\"},\"null\"],\"default\":null},{\"name\":\"technical_skills\",\"type\":[\"null\",\"string\"],\"default\":null},{\"name\":\"recommended_jobs\",\"type\":[\"null\",\"string\"],\"default\":null},{\"name\":\"technical_skills_embeddings_input\",\"type\":[\"null\",\"string\"],\"default\":null},{\"name\":\"technical_skills_embeddings\",\"type\":[{\"type\":\"array\",\"items\":\"double\"},\"null\"],\"default\":null},{\"name\":\"jobs_embeddings\",\"type\":[{\"type\":\"array\",\"items\":\"double\"},\"null\"],\"default\":null}]}",
            "schema_identifier": 100002,
            "schema_reference": [],
            "schema_registry_cluster": [
              {
                "id": "lsrc-7zj9pw"
              }
            ],
            "skip_validation_during_plan": false,
            "subject_name": "jobseekerresv1-value",
            "version": 1
          },
          "sensitive_attributes": [
            [
              {
                "type": "get_attr",
                "value": "credentials"
              },
              {
                "type": "index",
                "value": {
                  "value": 0,
                  "type": "number"
                }
              },
              {
                "type": "get_attr",
                "value": "secret"
              }
            ]
          ],
          "private": "bnVsbA==",
          "dependencies": [
            "confluent_api_key.genaidemo-manager-kafka-api-key",
            "confluent_api_key.genaidemo-manager-schema-registry-api-key",
            "confluent_environment.genaidemo",
            "confluent_kafka_cluster.dedicated",
            "confluent_kafka_topic.jobseekerresv1",
            "confluent_role_binding.all-subjects-example-rb",
            "confluent_role_binding.genaidemo-manager-kafka-cluster-admin",
            "confluent_role_binding.infrastructure-manager-environment-admin",
            "confluent_service_account.genaidemo-manager",
            "data.confluent_schema_registry_cluster.advanced"
          ]
        }
      ]
    },
    {
      "mode": "managed",
      "type": "confluent_schema",
      "name": "jobseekerv1",
      "provider": "provider[\"registry.terraform.io/confluentinc/confluent\"]",
      "instances": [
        {
          "schema_version": 0,
          "attributes": {
            "credentials": [
              {
                "key": "OWXBEHDH3ZJJ4MAK",
                "secret": "L048dF5kXFkzzKnnNg/hSpGG3CCTsTaxKj+1RE4J0GarPBY4JjGohGIJv317o/5g"
              }
            ],
            "format": "AVRO",
            "hard_delete": false,
            "id": "lsrc-7zj9pw/jobseekerv1-value/latest",
            "metadata": null,
            "recreate_on_update": false,
            "rest_endpoint": "https://psrc-6kq702.us-east-1.aws.confluent.cloud",
            "ruleset": null,
            "schema": "{\"type\":\"record\",\"name\":\"record\",\"namespace\":\"org.apache.flink.avro.generated\",\"fields\":[{\"name\":\"resumepath\",\"type\":[\"null\",\"string\"],\"default\":null},{\"name\":\"loginname\",\"type\":[\"null\",\"string\"],\"default\":null},{\"name\":\"profileid\",\"type\":[\"null\",\"string\"],\"default\":null}]}",
            "schema_identifier": 100003,
            "schema_reference": [],
            "schema_registry_cluster": [
              {
                "id": "lsrc-7zj9pw"
              }
            ],
            "skip_validation_during_plan": false,
            "subject_name": "jobseekerv1-value",
            "version": 1
          },
          "sensitive_attributes": [
            [
              {
                "type": "get_attr",
                "value": "credentials"
              },
              {
                "type": "index",
                "value": {
                  "value": 0,
                  "type": "number"
                }
              },
              {
                "type": "get_attr",
                "value": "secret"
              }
            ]
          ],
          "private": "bnVsbA==",
          "dependencies": [
            "confluent_api_key.genaidemo-manager-kafka-api-key",
            "confluent_api_key.genaidemo-manager-schema-registry-api-key",
            "confluent_environment.genaidemo",
            "confluent_kafka_cluster.dedicated",
            "confluent_kafka_topic.jobseekerv1",
            "confluent_role_binding.all-subjects-example-rb",
            "confluent_role_binding.genaidemo-manager-kafka-cluster-admin",
            "confluent_role_binding.infrastructure-manager-environment-admin",
            "confluent_service_account.genaidemo-manager",
            "data.confluent_schema_registry_cluster.advanced"
          ]
        }
      ]
    },
    {
      "mode": "managed",
      "type": "confluent_schema",
      "name": "uploaddocs",
      "provider": "provider[\"registry.terraform.io/confluentinc/confluent\"]",
      "instances": [
        {
          "schema_version": 0,
          "attributes": {
            "credentials": [
              {
                "key": "OWXBEHDH3ZJJ4MAK",
                "secret": "L048dF5kXFkzzKnnNg/hSpGG3CCTsTaxKj+1RE4J0GarPBY4JjGohGIJv317o/5g"
              }
            ],
            "format": "AVRO",
            "hard_delete": false,
            "id": "lsrc-7zj9pw/uploaddocs-value/latest",
            "metadata": null,
            "recreate_on_update": false,
            "rest_endpoint": "https://psrc-6kq702.us-east-1.aws.confluent.cloud",
            "ruleset": null,
            "schema": "{\"type\":\"record\",\"name\":\"record\",\"namespace\":\"org.apache.flink.avro.generated\",\"fields\":[{\"name\":\"filename\",\"type\":[\"null\",\"string\"],\"default\":null},{\"name\":\"loginname\",\"type\":[\"null\",\"string\"],\"default\":null},{\"name\":\"pagenum\",\"type\":[\"null\",\"int\"],\"default\":null},{\"name\":\"content\",\"type\":[\"null\",\"string\"],\"default\":null}]}",
            "schema_identifier": 100004,
            "schema_reference": [],
            "schema_registry_cluster": [
              {
                "id": "lsrc-7zj9pw"
              }
            ],
            "skip_validation_during_plan": false,
            "subject_name": "uploaddocs-value",
            "version": 1
          },
          "sensitive_attributes": [
            [
              {
                "type": "get_attr",
                "value": "credentials"
              },
              {
                "type": "index",
                "value": {
                  "value": 0,
                  "type": "number"
                }
              },
              {
                "type": "get_attr",
                "value": "secret"
              }
            ]
          ],
          "private": "bnVsbA==",
          "dependencies": [
            "confluent_api_key.genaidemo-manager-kafka-api-key",
            "confluent_api_key.genaidemo-manager-schema-registry-api-key",
            "confluent_environment.genaidemo",
            "confluent_kafka_cluster.dedicated",
            "confluent_kafka_topic.uploaddocs",
            "confluent_role_binding.all-subjects-example-rb",
            "confluent_role_binding.genaidemo-manager-kafka-cluster-admin",
            "confluent_role_binding.infrastructure-manager-environment-admin",
            "confluent_service_account.genaidemo-manager",
            "data.confluent_schema_registry_cluster.advanced"
          ]
        }
      ]
    },
    {
      "mode": "managed",
      "type": "confluent_service_account",
      "name": "genaidemo-manager",
      "provider": "provider[\"registry.terraform.io/confluentinc/confluent\"]",
      "instances": [
        {
          "schema_version": 0,
          "attributes": {
            "api_version": "iam/v2",
            "description": "Service account to manage 'demo' Kafka cluster",
            "display_name": "genaidemo-manager",
            "id": "sa-5x5mmz",
            "kind": "ServiceAccount"
          },
          "sensitive_attributes": [],
          "private": "bnVsbA=="
        }
      ]
    },
    {
      "mode": "managed",
      "type": "confluent_service_account",
      "name": "statements-runner",
      "provider": "provider[\"registry.terraform.io/confluentinc/confluent\"]",
      "instances": [
        {
          "schema_version": 0,
          "attributes": {
            "api_version": "iam/v2",
            "description": "Service account for running Flink Statements in 'inventory' Kafka cluster",
            "display_name": "statements-runner",
            "id": "sa-kmjgg6",
            "kind": "ServiceAccount"
          },
          "sensitive_attributes": [],
          "private": "bnVsbA=="
        }
      ]
    },
    {
      "mode": "managed",
      "type": "mongodbatlas_cluster",
      "name": "genai-demo",
      "provider": "provider[\"registry.terraform.io/mongodb/mongodbatlas\"]",
      "instances": [
        {
          "schema_version": 1,
          "attributes": {
            "advanced_configuration": [
              {
                "default_read_concern": "",
                "default_write_concern": "",
                "fail_index_key_too_long": false,
                "javascript_enabled": true,
                "minimum_enabled_tls_protocol": "TLS1_2",
                "no_table_scan": false,
                "oplog_min_retention_hours": 0,
                "oplog_size_mb": 0,
                "sample_refresh_interval_bi_connector": 0,
                "sample_size_bi_connector": 0
              }
            ],
            "auto_scaling_compute_enabled": false,
            "auto_scaling_compute_scale_down_enabled": false,
            "auto_scaling_disk_gb_enabled": true,
            "backing_provider_name": "AWS",
            "backup_enabled": false,
            "bi_connector": null,
            "bi_connector_config": [
              {
                "enabled": false,
                "read_preference": "secondary"
              }
            ],
            "cloud_backup": false,
            "cluster_id": "66a6e8797414d85cb0e22980",
            "cluster_type": "REPLICASET",
            "connection_strings": [
              {
                "aws_private_link": {},
                "aws_private_link_srv": {},
                "private": "",
                "private_endpoint": [],
                "private_srv": "",
                "standard": "mongodb://ac-8pogtg1-shard-00-00.ql3cmbw.mongodb.net:27017,ac-8pogtg1-shard-00-01.ql3cmbw.mongodb.net:27017,ac-8pogtg1-shard-00-02.ql3cmbw.mongodb.net:27017/?ssl=true\u0026authSource=admin\u0026replicaSet=atlas-ovq5nx-shard-0",
                "standard_srv": "mongodb+srv://confluentdemos.ql3cmbw.mongodb.net"
              }
            ],
            "container_id": null,
            "disk_size_gb": 0.5,
            "encryption_at_rest_provider": "NONE",
            "id": "Y2x1c3Rlcl9pZA==:NjZhNmU4Nzk3NDE0ZDg1Y2IwZTIyOTgw-Y2x1c3Rlcl9uYW1l:Y29uZmx1ZW50ZGVtb3M=-cHJvamVjdF9pZA==:NjZhNTgwOGIxYTZlMjkxMzk3ZGFmNWUy-cHJvdmlkZXJfbmFtZQ==:VEVOQU5U",
            "labels": [],
            "mongo_db_major_version": "7.0",
            "mongo_db_version": "7.0.12",
            "mongo_uri": "mongodb://ac-8pogtg1-shard-00-00.ql3cmbw.mongodb.net:27017,ac-8pogtg1-shard-00-01.ql3cmbw.mongodb.net:27017,ac-8pogtg1-shard-00-02.ql3cmbw.mongodb.net:27017",
            "mongo_uri_updated": "2024-07-29T00:55:39Z",
            "mongo_uri_with_options": "mongodb://ac-8pogtg1-shard-00-00.ql3cmbw.mongodb.net:27017,ac-8pogtg1-shard-00-01.ql3cmbw.mongodb.net:27017,ac-8pogtg1-shard-00-02.ql3cmbw.mongodb.net:27017/?ssl=true\u0026authSource=admin\u0026replicaSet=atlas-ovq5nx-shard-0",
            "name": "confluentdemos",
            "num_shards": 1,
            "paused": false,
            "pit_enabled": false,
            "project_id": "66a5808b1a6e291397daf5e2",
            "provider_auto_scaling_compute_max_instance_size": "",
            "provider_auto_scaling_compute_min_instance_size": "",
            "provider_backup_enabled": false,
            "provider_disk_iops": null,
            "provider_disk_type_name": "",
            "provider_encrypt_ebs_volume": null,
            "provider_encrypt_ebs_volume_flag": null,
            "provider_instance_size_name": "M0",
            "provider_name": "TENANT",
            "provider_region_name": "US_EAST_1",
            "provider_volume_type": "",
            "replication_factor": 3,
            "replication_specs": [
              {
                "id": "66a6e8797414d85cb0e2295c",
                "num_shards": 1,
                "regions_config": [
                  {
                    "analytics_nodes": 0,
                    "electable_nodes": 3,
                    "priority": 7,
                    "read_only_nodes": 0,
                    "region_name": "US_EAST_1"
                  }
                ],
                "zone_name": "Zone 1"
              }
            ],
            "snapshot_backup_policy": [],
            "srv_address": "mongodb+srv://confluentdemos.ql3cmbw.mongodb.net",
            "state_name": "IDLE",
            "termination_protection_enabled": false,
            "timeouts": null,
            "version_release_system": "LTS"
          },
          "sensitive_attributes": [],
          "private": "eyJlMmJmYjczMC1lY2FhLTExZTYtOGY4OC0zNDM2M2JjN2M0YzAiOnsiY3JlYXRlIjoxMDgwMDAwMDAwMDAwMCwiZGVsZXRlIjoxMDgwMDAwMDAwMDAwMCwidXBkYXRlIjoxMDgwMDAwMDAwMDAwMH0sInNjaGVtYV92ZXJzaW9uIjoiMSJ9"
        }
      ]
    },
    {
      "mode": "managed",
      "type": "mongodbatlas_database_user",
      "name": "genai-db-user",
      "provider": "provider[\"registry.terraform.io/mongodb/mongodbatlas\"]",
      "instances": [
        {
          "schema_version": 0,
          "attributes": {
            "auth_database_name": "admin",
            "aws_iam_type": "NONE",
            "database_name": null,
            "id": "YXV0aF9kYXRhYmFzZV9uYW1l:YWRtaW4=-cHJvamVjdF9pZA==:NjZhNTgwOGIxYTZlMjkxMzk3ZGFmNWUy-dXNlcm5hbWU=:ZGFwcGlsaWc=",
            "labels": [],
            "ldap_auth_type": "NONE",
            "password": "Prokarma",
            "project_id": "66a5808b1a6e291397daf5e2",
            "roles": [
              {
                "collection_name": "",
                "database_name": "confluentdemos",
                "role_name": "readWrite"
              }
            ],
            "scopes": [],
            "username": "dappilig",
            "x509_type": "NONE"
          },
          "sensitive_attributes": [],
          "private": "bnVsbA==",
          "dependencies": [
            "mongodbatlas_cluster.genai-demo"
          ]
        }
      ]
    },
    {
      "mode": "managed",
      "type": "mongodbatlas_project_ip_access_list",
      "name": "genai-demo-ip",
      "provider": "provider[\"registry.terraform.io/mongodb/mongodbatlas\"]",
      "instances": [
        {
          "schema_version": 0,
          "attributes": {
            "aws_security_group": "",
            "cidr_block": "0.0.0.0/0",
            "comment": "Allow connections from anywhere for demo purposes",
            "id": "ZW50cnk=:MC4wLjAuMC8w-cHJvamVjdF9pZA==:NjZhNTgwOGIxYTZlMjkxMzk3ZGFmNWUy",
            "ip_address": "",
            "project_id": "66a5808b1a6e291397daf5e2",
            "timeouts": null
          },
          "sensitive_attributes": [],
          "private": "eyJlMmJmYjczMC1lY2FhLTExZTYtOGY4OC0zNDM2M2JjN2M0YzAiOnsiZGVsZXRlIjoyNzAwMDAwMDAwMDAwLCJyZWFkIjoyNzAwMDAwMDAwMDAwfX0="
        }
      ]
    }
  ],
  "check_results": null
}
